// !$*UTF8*$!
{
	archiveVersion = 1;
	classes = {
	};
	objectVersion = 50;
	objects = {

/* Begin PBXBuildFile section */
		EBF55F3923E5D15D00DFE8FF /* AppDelegate.swift in Sources */ = {isa = PBXBuildFile; fileRef = EBF55F3823E5D15D00DFE8FF /* AppDelegate.swift */; };
		EBF55F3B23E5D15D00DFE8FF /* SceneDelegate.swift in Sources */ = {isa = PBXBuildFile; fileRef = EBF55F3A23E5D15D00DFE8FF /* SceneDelegate.swift */; };
		EBF55F3D23E5D15D00DFE8FF /* ViewController.swift in Sources */ = {isa = PBXBuildFile; fileRef = EBF55F3C23E5D15D00DFE8FF /* ViewController.swift */; };
		EBF55F4023E5D15D00DFE8FF /* Main.storyboard in Resources */ = {isa = PBXBuildFile; fileRef = EBF55F3E23E5D15D00DFE8FF /* Main.storyboard */; };
		EBF55F4223E5D15F00DFE8FF /* Assets.xcassets in Resources */ = {isa = PBXBuildFile; fileRef = EBF55F4123E5D15F00DFE8FF /* Assets.xcassets */; };
		EBF55F4523E5D15F00DFE8FF /* LaunchScreen.storyboard in Resources */ = {isa = PBXBuildFile; fileRef = EBF55F4323E5D15F00DFE8FF /* LaunchScreen.storyboard */; };
		EBF55F4D23E5D17800DFE8FF /* APPColorScheme.swift in Sources */ = {isa = PBXBuildFile; fileRef = EBF55F4C23E5D17800DFE8FF /* APPColorScheme.swift */; };
		EBF55F4F23E5D39E00DFE8FF /* HexColor.swift in Sources */ = {isa = PBXBuildFile; fileRef = EBF55F4E23E5D39E00DFE8FF /* HexColor.swift */; };
/* End PBXBuildFile section */

/* Begin PBXFileReference section */
		EBF55F3523E5D15D00DFE8FF /* DarkModeDemoSwift.app */ = {isa = PBXFileReference; explicitFileType = wrapper.application; includeInIndex = 0; path = DarkModeDemoSwift.app; sourceTree = BUILT_PRODUCTS_DIR; };
		EBF55F3823E5D15D00DFE8FF /* AppDelegate.swift */ = {isa = PBXFileReference; lastKnownFileType = sourcecode.swift; path = AppDelegate.swift; sourceTree = "<group>"; };
		EBF55F3A23E5D15D00DFE8FF /* SceneDelegate.swift */ = {isa = PBXFileReference; lastKnownFileType = sourcecode.swift; path = SceneDelegate.swift; sourceTree = "<group>"; };
		EBF55F3C23E5D15D00DFE8FF /* ViewController.swift */ = {isa = PBXFileReference; lastKnownFileType = sourcecode.swift; path = ViewController.swift; sourceTree = "<group>"; };
		EBF55F3F23E5D15D00DFE8FF /* Base */ = {isa = PBXFileReference; lastKnownFileType = file.storyboard; name = Base; path = Base.lproj/Main.storyboard; sourceTree = "<group>"; };
		EBF55F4123E5D15F00DFE8FF /* Assets.xcassets */ = {isa = PBXFileReference; lastKnownFileType = folder.assetcatalog; path = Assets.xcassets; sourceTree = "<group>"; };
		EBF55F4423E5D15F00DFE8FF /* Base */ = {isa = PBXFileReference; lastKnownFileType = file.storyboard; name = Base; path = Base.lproj/LaunchScreen.storyboard; sourceTree = "<group>"; };
		EBF55F4623E5D15F00DFE8FF /* Info.plist */ = {isa = PBXFileReference; lastKnownFileType = text.plist.xml; path = Info.plist; sourceTree = "<group>"; };
		EBF55F4C23E5D17800DFE8FF /* APPColorScheme.swift */ = {isa = PBXFileReference; lastKnownFileType = sourcecode.swift; path = APPColorScheme.swift; sourceTree = "<group>"; };
		EBF55F4E23E5D39E00DFE8FF /* HexColor.swift */ = {isa = PBXFileReference; lastKnownFileType = sourcecode.swift; path = HexColor.swift; sourceTree = "<group>"; };
/* End PBXFileReference section */

/* Begin PBXFrameworksBuildPhase section */
		EBF55F3223E5D15D00DFE8FF /* Frameworks */ = {
			isa = PBXFrameworksBuildPhase;
			buildActionMask = 2147483647;
			files = (
			);
			runOnlyForDeploymentPostprocessing = 0;
		};
/* End PBXFrameworksBuildPhase section */

/* Begin PBXGroup section */
		EBF55F2C23E5D15D00DFE8FF = {
			isa = PBXGroup;
			children = (
				EBF55F3723E5D15D00DFE8FF /* DarkModeDemoSwift */,
				EBF55F3623E5D15D00DFE8FF /* Products */,
			);
			sourceTree = "<group>";
		};
		EBF55F3623E5D15D00DFE8FF /* Products */ = {
			isa = PBXGroup;
			children = (
				EBF55F3523E5D15D00DFE8FF /* DarkModeDemoSwift.app */,
			);
			name = Products;
			sourceTree = "<group>";
		};
		EBF55F3723E5D15D00DFE8FF /* DarkModeDemoSwift */ = {
			isa = PBXGroup;
			children = (
				EBF55F3823E5D15D00DFE8FF /* AppDelegate.swift */,
				EBF55F3A23E5D15D00DFE8FF /* SceneDelegate.swift */,
				EBF55F3C23E5D15D00DFE8FF /* ViewController.swift */,
				EBF55F4C23E5D17800DFE8FF /* APPColorScheme.swift */,
				EBF55F4E23E5D39E00DFE8FF /* HexColor.swift */,
				EBF55F3E23E5D15D00DFE8FF /* Main.storyboard */,
				EBF55F4123E5D15F00DFE8FF /* Assets.xcassets */,
				EBF55F4323E5D15F00DFE8FF /* LaunchScreen.storyboard */,
				EBF55F4623E5D15F00DFE8FF /* Info.plist */,
			);
			path = DarkModeDemoSwift;
			sourceTree = "<group>";
		};
/* End PBXGroup section */

/* Begin PBXNativeTarget section */
		EBF55F3423E5D15D00DFE8FF /* DarkModeDemoSwift */ = {
			isa = PBXNativeTarget;
			buildConfigurationList = EBF55F4923E5D15F00DFE8FF /* Build configuration list for PBXNativeTarget "DarkModeDemoSwift" */;
			buildPhases = (
				EBF55F3123E5D15D00DFE8FF /* Sources */,
				EBF55F3223E5D15D00DFE8FF /* Frameworks */,
				EBF55F3323E5D15D00DFE8FF /* Resources */,
			);
			buildRules = (
			);
			dependencies = (
			);
			name = DarkModeDemoSwift;
			productName = DarkModeDemoSwift;
			productReference = EBF55F3523E5D15D00DFE8FF /* DarkModeDemoSwift.app */;
			productType = "com.apple.product-type.application";
		};
/* End PBXNativeTarget section */

/* Begin PBXProject section */
		EBF55F2D23E5D15D00DFE8FF /* Project object */ = {
			isa = PBXProject;
			attributes = {
				LastSwiftUpdateCheck = 1130;
				LastUpgradeCheck = 1130;
				ORGANIZATIONNAME = ChienErrant;
				TargetAttributes = {
					EBF55F3423E5D15D00DFE8FF = {
						CreatedOnToolsVersion = 11.3;
					};
				};
			};
			buildConfigurationList = EBF55F3023E5D15D00DFE8FF /* Build configuration list for PBXProject "DarkModeDemoSwift" */;
			compatibilityVersion = "Xcode 9.3";
			developmentRegion = en;
			hasScannedForEncodings = 0;
			knownRegions = (
				en,
				Base,
			);
			mainGroup = EBF55F2C23E5D15D00DFE8FF;
			productRefGroup = EBF55F3623E5D15D00DFE8FF /* Products */;
			projectDirPath = "";
			projectRoot = "";
			targets = (
				EBF55F3423E5D15D00DFE8FF /* DarkModeDemoSwift */,
			);
		};
/* End PBXProject section */

/* Begin PBXResourcesBuildPhase section */
		EBF55F3323E5D15D00DFE8FF /* Resources */ = {
			isa = PBXResourcesBuildPhase;
			buildActionMask = 2147483647;
			files = (
				EBF55F4523E5D15F00DFE8FF /* LaunchScreen.storyboard in Resources */,
				EBF55F4223E5D15F00DFE8FF /* Assets.xcassets in Resources */,
				EBF55F4023E5D15D00DFE8FF /* Main.storyboard in Resources */,
			);
			runOnlyForDeploymentPostprocessing = 0;
		};
/* End PBXResourcesBuildPhase section */

/* Begin PBXSourcesBuildPhase section */
		EBF55F3123E5D15D00DFE8FF /* Sources */ = {
			isa = PBXSourcesBuildPhase;
			buildActionMask = 2147483647;
			files = (
				EBF55F4D23E5D17800DFE8FF /* APPColorScheme.swift in Sources */,
				EBF55F3D23E5D15D00DFE8FF /* ViewController.swift in Sources */,
				EBF55F4F23E5D39E00DFE8FF /* HexColor.swift in Sources */,
				EBF55F3923E5D15D00DFE8FF /* AppDelegate.swift in Sources */,
				EBF55F3B23E5D15D00DFE8FF /* SceneDelegate.swift in Sources */,
			);
			runOnlyForDeploymentPostprocessing = 0;
		};
/* End PBXSourcesBuildPhase section */

/* Begin PBXVariantGroup section */
		EBF55F3E23E5D15D00DFE8FF /* Main.storyboard */ = {
			isa = PBXVariantGroup;
			children = (
				EBF55F3F23E5D15D00DFE8FF /* Base */,
			);
			name = Main.storyboard;
			sourceTree = "<group>";
		};
		EBF55F4323E5D15F00DFE8FF /* LaunchScreen.storyboard */ = {
			isa = PBXVariantGroup;
			children = (
				EBF55F4423E5D15F00DFE8FF /* Base */,
			);
			name = LaunchScreen.storyboard;
			sourceTree = "<group>";
		};
/* End PBXVariantGroup section */

/* Begin XCBuildConfiguration section */
		EBF55F4723E5D15F00DFE8FF /* Debug */ = {
			isa = XCBuildConfiguration;
			buildSettings = {
				ALWAYS_SEARCH_USER_PATHS = NO;
				CLANG_ANALYZER_NONNULL = YES;
				CLANG_ANALYZER_NUMBER_OBJECT_CONVERSION = YES_AGGRESSIVE;
				CLANG_CXX_LANGUAGE_STANDARD = "gnu++14";
				CLANG_CXX_LIBRARY = "libc++";
				CLANG_ENABLE_MODULES = YES;
				CLANG_ENABLE_OBJC_ARC = YES;
				CLANG_ENABLE_OBJC_WEAK = YES;
				CLANG_WARN_BLOCK_CAPTURE_AUTORELEASING = YES;
				CLANG_WARN_BOOL_CONVERSION = YES;
				CLANG_WARN_COMMA = YES;
				CLANG_WARN_CONSTANT_CONVERSION = YES;
				CLANG_WARN_DEPRECATED_OBJC_IMPLEMENTATIONS = YES;
				CLANG_WARN_DIRECT_OBJC_ISA_USAGE = YES_ERROR;
				CLANG_WARN_DOCUMENTATION_COMMENTS = YES;
				CLANG_WARN_EMPTY_BODY = YES;
				CLANG_WARN_ENUM_CONVERSION = YES;
				CLANG_WARN_INFINITE_RECURSION = YES;
				CLANG_WARN_INT_CONVERSION = YES;
				CLANG_WARN_NON_LITERAL_NULL_CONVERSION = YES;
				CLANG_WARN_OBJC_IMPLICIT_RETAIN_SELF = YES;
				CLANG_WARN_OBJC_LITERAL_CONVERSION = YES;
				CLANG_WARN_OBJC_ROOT_CLASS = YES_ERROR;
				CLANG_WARN_RANGE_LOOP_ANALYSIS = YES;
				CLANG_WARN_STRICT_PROTOTYPES = YES;
				CLANG_WARN_SUSPICIOUS_MOVE = YES;
				CLANG_WARN_UNGUARDED_AVAILABILITY = YES_AGGRESSIVE;
				CLANG_WARN_UNREACHABLE_CODE = YES;
				CLANG_WARN__DUPLICATE_METHOD_MATCH = YES;
				COPY_PHASE_STRIP = NO;
				DEBUG_INFORMATION_FORMAT = dwarf;
				ENABLE_STRICT_OBJC_MSGSEND = YES;
				ENABLE_TESTABILITY = YES;
				GCC_C_LANGUAGE_STANDARD = gnu11;
				GCC_DYNAMIC_NO_PIC = NO;
				GCC_NO_COMMON_BLOCKS = YES;
				GCC_OPTIMIZATION_LEVEL = 0;
				GCC_PREPROCESSOR_DEFINITIONS = (
					"DEBUG=1",
					"$(inherited)",
				);
				GCC_WARN_64_TO_32_BIT_CONVERSION = YES;
				GCC_WARN_ABOUT_RETURN_TYPE = YES_ERROR;
				GCC_WARN_UNDECLARED_SELECTOR = YES;
				GCC_WARN_UNINITIALIZED_AUTOS = YES_AGGRESSIVE;
				GCC_WARN_UNUSED_FUNCTION = YES;
				GCC_WARN_UNUSED_VARIABLE = YES;
				IPHONEOS_DEPLOYMENT_TARGET = 13.2;
				MTL_ENABLE_DEBUG_INFO = INCLUDE_SOURCE;
				MTL_FAST_MATH = YES;
				ONLY_ACTIVE_ARCH = YES;
				SDKROOT = iphoneos;
				SWIFT_ACTIVE_COMPILATION_CONDITIONS = DEBUG;
				SWIFT_OPTIMIZATION_LEVEL = "-Onone";
			};
			name = Debug;
		};
		EBF55F4823E5D15F00DFE8FF /* Release */ = {
			isa = XCBuildConfiguration;
			buildSettings = {
				ALWAYS_SEARCH_USER_PATHS = NO;
				CLANG_ANALYZER_NONNULL = YES;
				CLANG_ANALYZER_NUMBER_OBJECT_CONVERSION = YES_AGGRESSIVE;
				CLANG_CXX_LANGUAGE_STANDARD = "gnu++14";
				CLANG_CXX_LIBRARY = "libc++";
				CLANG_ENABLE_MODULES = YES;
				CLANG_ENABLE_OBJC_ARC = YES;
				CLANG_ENABLE_OBJC_WEAK = YES;
				CLANG_WARN_BLOCK_CAPTURE_AUTORELEASING = YES;
				CLANG_WARN_BOOL_CONVERSION = YES;
				CLANG_WARN_COMMA = YES;
				CLANG_WARN_CONSTANT_CONVERSION = YES;
				CLANG_WARN_DEPRECATED_OBJC_IMPLEMENTATIONS = YES;
				CLANG_WARN_DIRECT_OBJC_ISA_USAGE = YES_ERROR;
				CLANG_WARN_DOCUMENTATION_COMMENTS = YES;
				CLANG_WARN_EMPTY_BODY = YES;
				CLANG_WARN_ENUM_CONVERSION = YES;
				CLANG_WARN_INFINITE_RECURSION = YES;
				CLANG_WARN_INT_CONVERSION = YES;
				CLANG_WARN_NON_LITERAL_NULL_CONVERSION = YES;
				CLANG_WARN_OBJC_IMPLICIT_RETAIN_SELF = YES;
				CLANG_WARN_OBJC_LITERAL_CONVERSION = YES;
				CLANG_WARN_OBJC_ROOT_CLASS = YES_ERROR;
				CLANG_WARN_RANGE_LOOP_ANALYSIS = YES;
				CLANG_WARN_STRICT_PROTOTYPES = YES;
				CLANG_WARN_SUSPICIOUS_MOVE = YES;
				CLANG_WARN_UNGUARDED_AVAILABILITY = YES_AGGRESSIVE;
				CLANG_WARN_UNREACHABLE_CODE = YES;
				CLANG_WARN__DUPLICATE_METHOD_MATCH = YES;
				COPY_PHASE_STRIP = NO;
				DEBUG_INFORMATION_FORMAT = "dwarf-with-dsym";
				ENABLE_NS_ASSERTIONS = NO;
				ENABLE_STRICT_OBJC_MSGSEND = YES;
				GCC_C_LANGUAGE_STANDARD = gnu11;
				GCC_NO_COMMON_BLOCKS = YES;
				GCC_WARN_64_TO_32_BIT_CONVERSION = YES;
				GCC_WARN_ABOUT_RETURN_TYPE = YES_ERROR;
				GCC_WARN_UNDECLARED_SELECTOR = YES;
				GCC_WARN_UNINITIALIZED_AUTOS = YES_AGGRESSIVE;
				GCC_WARN_UNUSED_FUNCTION = YES;
				GCC_WARN_UNUSED_VARIABLE = YES;
				IPHONEOS_DEPLOYMENT_TARGET = 13.2;
				MTL_ENABLE_DEBUG_INFO = NO;
				MTL_FAST_MATH = YES;
				SDKROOT = iphoneos;
				SWIFT_COMPILATION_MODE = wholemodule;
				SWIFT_OPTIMIZATION_LEVEL = "-O";
				VALIDATE_PRODUCT = YES;
			};
			name = Release;
		};
		EBF55F4A23E5D15F00DFE8FF /* Debug */ = {
			isa = XCBuildConfiguration;
			buildSettings = {
				ASSETCATALOG_COMPILER_APPICON_NAME = AppIcon;
				CODE_SIGN_STYLE = Automatic;
				DEVELOPMENT_TEAM = J25N7959VU;
				INFOPLIST_FILE = DarkModeDemoSwift/Info.plist;
				LD_RUNPATH_SEARCH_PATHS = (
					"$(inherited)",
					"@executable_path/Frameworks",
				);
				PRODUCT_BUNDLE_IDENTIFIER = com.chienerrant.DarkModeDemoSwift;
				PRODUCT_NAME = "$(TARGET_NAME)";
				SWIFT_VERSION = 5.0;
				TARGETED_DEVICE_FAMILY = "1,2";
			};
			name = Debug;
		};
		EBF55F4B23E5D15F00DFE8FF /* Release */ = {
			isa = XCBuildConfiguration;
			buildSettings = {
				ASSETCATALOG_COMPILER_APPICON_NAME = AppIcon;
				CODE_SIGN_STYLE = Automatic;
				DEVELOPMENT_TEAM = J25N7959VU;
				INFOPLIST_FILE = DarkModeDemoSwift/Info.plist;
				LD_RUNPATH_SEARCH_PATHS = (
					"$(inherited)",
					"@executable_path/Frameworks",
				);
				PRODUCT_BUNDLE_IDENTIFIER = com.chienerrant.DarkModeDemoSwift;
				PRODUCT_NAME = "$(TARGET_NAME)";
				SWIFT_VERSION = 5.0;
				TARGETED_DEVICE_FAMILY = "1,2";
			};
			name = Release;
		};
/* End XCBuildConfiguration section */

/* Begin XCConfigurationList section */
		EBF55F3023E5D15D00DFE8FF /* Build configuration list for PBXProject "DarkModeDemoSwift" */ = {
			isa = XCConfigurationList;
			buildConfigurations = (
				EBF55F4723E5D15F00DFE8FF /* Debug */,
				EBF55F4823E5D15F00DFE8FF /* Release */,
			);
			defaultConfigurationIsVisible = 0;
			defaultConfigurationName = Release;
		};
		EBF55F4923E5D15F00DFE8FF /* Build configuration list for PBXNativeTarget "DarkModeDemoSwift" */ = {
			isa = XCConfigurationList;
			buildConfigurations = (
				EBF55F4A23E5D15F00DFE8FF /* Debug */,
				EBF55F4B23E5D15F00DFE8FF /* Release */,
			);
			defaultConfigurationIsVisible = 0;
			defaultConfigurationName = Release;
		};
/* End XCConfigurationList section */
	};
	rootObject = EBF55F2D23E5D15D00DFE8FF /* Project object */;
}
